
Microsoft Visual Studio Solution File, Format Version 12.00
# Visual Studio Version 16
VisualStudioVersion = 16.0.31729.503
MinimumVisualStudioVersion = 10.0.40219.1
Project("{FAE04EC0-301F-11D3-BF4B-00C04F79EFBC}") = "gestaoUsuario", "gestaoUsuario\gestaoUsuario.csproj", "{C340981F-EA35-41F8-B358-428F78DB249D}"
EndProject
Global
	GlobalSection(SolutionConfigurationPlatforms) = preSolution
		Debug|Any CPU = Debug|Any CPU
		Release|Any CPU = Release|Any CPU
	EndGlobalSection
	GlobalSection(ProjectConfigurationPlatforms) = postSolution
		{C340981F-EA35-41F8-B358-428F78DB249D}.Debug|Any CPU.ActiveCfg = Debug|Any CPU
		{C340981F-EA35-41F8-B358-428F78DB249D}.Debug|Any CPU.Build.0 = Debug|Any CPU
		{C340981F-EA35-41F8-B358-428F78DB249D}.Release|Any CPU.ActiveCfg = Release|Any CPU
		{C340981F-EA35-41F8-B358-428F78DB249D}.Release|Any CPU.Build.0 = Release|Any CPU
	EndGlobalSection
	GlobalSection(SolutionProperties) = preSolution
		HideSolutionNode = FALSE
	EndGlobalSection
	GlobalSection(ExtensibilityGlobals) = postSolution
		SolutionGuid = {1DA277EF-741E-432C-AA94-E34D07215E9E}
	EndGlobalSection
EndGlobal
